// !$*UTF8*$!
{
	archiveVersion = 1;
	classes = {
	};
	objectVersion = 46;
	objects = {

/* Begin PBXBuildFile section */
		2C1459F11B4B969500C81E2C /* BaseCell.m in Sources */ = {isa = PBXBuildFile; fileRef = 2C1459C21B4B969500C81E2C /* BaseCell.m */; };
		2C1459F21B4B969500C81E2C /* BaseNVC.m in Sources */ = {isa = PBXBuildFile; fileRef = 2C1459C41B4B969500C81E2C /* BaseNVC.m */; };
		2C1459F31B4B969500C81E2C /* BaseVC.m in Sources */ = {isa = PBXBuildFile; fileRef = 2C1459C61B4B969500C81E2C /* BaseVC.m */; };
		2C1459F41B4B969500C81E2C /* ITTDateUtil.m in Sources */ = {isa = PBXBuildFile; fileRef = 2C1459C91B4B969500C81E2C /* ITTDateUtil.m */; };
		2C1459F51B4B969500C81E2C /* ITTDay.m in Sources */ = {isa = PBXBuildFile; fileRef = 2C1459CB1B4B969500C81E2C /* ITTDay.m */; };
		2C1459F61B4B969500C81E2C /* ITTMonth.m in Sources */ = {isa = PBXBuildFile; fileRef = 2C1459CE1B4B969500C81E2C /* ITTMonth.m */; };
		2C1459F71B4B969500C81E2C /* NSObject+AccessibilityTools.m in Sources */ = {isa = PBXBuildFile; fileRef = 2C1459D11B4B969500C81E2C /* NSObject+AccessibilityTools.m */; };
		2C1459F81B4B969500C81E2C /* NSObject+Tools.m in Sources */ = {isa = PBXBuildFile; fileRef = 2C1459D31B4B969500C81E2C /* NSObject+Tools.m */; };
		2C1459F91B4B969500C81E2C /* NSString+Tools.m in Sources */ = {isa = PBXBuildFile; fileRef = 2C1459D51B4B969500C81E2C /* NSString+Tools.m */; };
		2C1459FA1B4B969500C81E2C /* NSTimer+Tools.m in Sources */ = {isa = PBXBuildFile; fileRef = 2C1459D71B4B969500C81E2C /* NSTimer+Tools.m */; };
		2C1459FB1B4B969500C81E2C /* UIActionSheet+Tools.m in Sources */ = {isa = PBXBuildFile; fileRef = 2C1459D91B4B969500C81E2C /* UIActionSheet+Tools.m */; };
		2C1459FC1B4B969500C81E2C /* UIAlertView+Tools.m in Sources */ = {isa = PBXBuildFile; fileRef = 2C1459DB1B4B969500C81E2C /* UIAlertView+Tools.m */; };
		2C1459FD1B4B969500C81E2C /* UIButton+Tools.m in Sources */ = {isa = PBXBuildFile; fileRef = 2C1459DD1B4B969500C81E2C /* UIButton+Tools.m */; };
		2C1459FE1B4B969500C81E2C /* UIColor+Tools.m in Sources */ = {isa = PBXBuildFile; fileRef = 2C1459DF1B4B969500C81E2C /* UIColor+Tools.m */; };
		2C1459FF1B4B969500C81E2C /* UIImage+Tools.m in Sources */ = {isa = PBXBuildFile; fileRef = 2C1459E11B4B969500C81E2C /* UIImage+Tools.m */; };
		2C145A001B4B969500C81E2C /* UILabel+Tools.m in Sources */ = {isa = PBXBuildFile; fileRef = 2C1459E31B4B969500C81E2C /* UILabel+Tools.m */; };
		2C145A011B4B969500C81E2C /* UINavigationController+Tools.m in Sources */ = {isa = PBXBuildFile; fileRef = 2C1459E51B4B969500C81E2C /* UINavigationController+Tools.m */; };
		2C145A021B4B969500C81E2C /* UIResponder+Tools.m in Sources */ = {isa = PBXBuildFile; fileRef = 2C1459E71B4B969500C81E2C /* UIResponder+Tools.m */; };
		2C145A031B4B969500C81E2C /* UITextField+Tools.m in Sources */ = {isa = PBXBuildFile; fileRef = 2C1459E91B4B969500C81E2C /* UITextField+Tools.m */; };
		2C145A041B4B969500C81E2C /* UIView+Tools.m in Sources */ = {isa = PBXBuildFile; fileRef = 2C1459EB1B4B969500C81E2C /* UIView+Tools.m */; };
		2C145A051B4B969500C81E2C /* PlaceholderTextView.m in Sources */ = {isa = PBXBuildFile; fileRef = 2C1459F01B4B969500C81E2C /* PlaceholderTextView.m */; };
		2C83859F1B4F9FB200D0E3FE /* JUIButton.m in Sources */ = {isa = PBXBuildFile; fileRef = 2C8385941B4F9FB200D0E3FE /* JUIButton.m */; };
		2C8385A01B4F9FB200D0E3FE /* JUILabel.m in Sources */ = {isa = PBXBuildFile; fileRef = 2C8385961B4F9FB200D0E3FE /* JUILabel.m */; };
		2C8385A11B4F9FB200D0E3FE /* JUIView.m in Sources */ = {isa = PBXBuildFile; fileRef = 2C8385981B4F9FB200D0E3FE /* JUIView.m */; };
		2C8385A21B4F9FB200D0E3FE /* UIButton+MBIBnspectable.m in Sources */ = {isa = PBXBuildFile; fileRef = 2C83859A1B4F9FB200D0E3FE /* UIButton+MBIBnspectable.m */; };
		2C8385A31B4F9FB200D0E3FE /* UILabel+MBIBnsepectable.m in Sources */ = {isa = PBXBuildFile; fileRef = 2C83859C1B4F9FB200D0E3FE /* UILabel+MBIBnsepectable.m */; };
		2C8385A41B4F9FB200D0E3FE /* UIView+MBIBnspectable.m in Sources */ = {isa = PBXBuildFile; fileRef = 2C83859E1B4F9FB200D0E3FE /* UIView+MBIBnspectable.m */; };
		2CFD50C01B317F4F00232BAD /* main.m in Sources */ = {isa = PBXBuildFile; fileRef = 2CFD50BF1B317F4F00232BAD /* main.m */; };
		2CFD50C31B317F4F00232BAD /* AppDelegate.m in Sources */ = {isa = PBXBuildFile; fileRef = 2CFD50C21B317F4F00232BAD /* AppDelegate.m */; };
		2CFD50C61B317F4F00232BAD /* ViewController.m in Sources */ = {isa = PBXBuildFile; fileRef = 2CFD50C51B317F4F00232BAD /* ViewController.m */; };
		2CFD50C91B317F4F00232BAD /* Main.storyboard in Resources */ = {isa = PBXBuildFile; fileRef = 2CFD50C71B317F4F00232BAD /* Main.storyboard */; };
		2CFD50CB1B317F4F00232BAD /* Images.xcassets in Resources */ = {isa = PBXBuildFile; fileRef = 2CFD50CA1B317F4F00232BAD /* Images.xcassets */; };
		2CFD50CE1B317F4F00232BAD /* LaunchScreen.xib in Resources */ = {isa = PBXBuildFile; fileRef = 2CFD50CC1B317F4F00232BAD /* LaunchScreen.xib */; };
		2CFD50DA1B317F4F00232BAD /* DevelopToolsTests.m in Sources */ = {isa = PBXBuildFile; fileRef = 2CFD50D91B317F4F00232BAD /* DevelopToolsTests.m */; };
/* End PBXBuildFile section */

/* Begin PBXContainerItemProxy section */
		2CFD50D41B317F4F00232BAD /* PBXContainerItemProxy */ = {
			isa = PBXContainerItemProxy;
			containerPortal = 2CFD50B21B317F4F00232BAD /* Project object */;
			proxyType = 1;
			remoteGlobalIDString = 2CFD50B91B317F4F00232BAD;
			remoteInfo = DevelopTools;
		};
/* End PBXContainerItemProxy section */

/* Begin PBXFileReference section */
		2C1459C11B4B969500C81E2C /* BaseCell.h */ = {isa = PBXFileReference; fileEncoding = 4; lastKnownFileType = sourcecode.c.h; path = BaseCell.h; sourceTree = "<group>"; };
		2C1459C21B4B969500C81E2C /* BaseCell.m */ = {isa = PBXFileReference; fileEncoding = 4; lastKnownFileType = sourcecode.c.objc; path = BaseCell.m; sourceTree = "<group>"; };
		2C1459C31B4B969500C81E2C /* BaseNVC.h */ = {isa = PBXFileReference; fileEncoding = 4; lastKnownFileType = sourcecode.c.h; path = BaseNVC.h; sourceTree = "<group>"; };
		2C1459C41B4B969500C81E2C /* BaseNVC.m */ = {isa = PBXFileReference; fileEncoding = 4; lastKnownFileType = sourcecode.c.objc; path = BaseNVC.m; sourceTree = "<group>"; };
		2C1459C51B4B969500C81E2C /* BaseVC.h */ = {isa = PBXFileReference; fileEncoding = 4; lastKnownFileType = sourcecode.c.h; path = BaseVC.h; sourceTree = "<group>"; };
		2C1459C61B4B969500C81E2C /* BaseVC.m */ = {isa = PBXFileReference; fileEncoding = 4; lastKnownFileType = sourcecode.c.objc; path = BaseVC.m; sourceTree = "<group>"; };
		2C1459C81B4B969500C81E2C /* ITTDateUtil.h */ = {isa = PBXFileReference; fileEncoding = 4; lastKnownFileType = sourcecode.c.h; path = ITTDateUtil.h; sourceTree = "<group>"; };
		2C1459C91B4B969500C81E2C /* ITTDateUtil.m */ = {isa = PBXFileReference; fileEncoding = 4; lastKnownFileType = sourcecode.c.objc; path = ITTDateUtil.m; sourceTree = "<group>"; };
		2C1459CA1B4B969500C81E2C /* ITTDay.h */ = {isa = PBXFileReference; fileEncoding = 4; lastKnownFileType = sourcecode.c.h; path = ITTDay.h; sourceTree = "<group>"; };
		2C1459CB1B4B969500C81E2C /* ITTDay.m */ = {isa = PBXFileReference; fileEncoding = 4; lastKnownFileType = sourcecode.c.objc; path = ITTDay.m; sourceTree = "<group>"; };
		2C1459CC1B4B969500C81E2C /* ITTHeader.h */ = {isa = PBXFileReference; fileEncoding = 4; lastKnownFileType = sourcecode.c.h; path = ITTHeader.h; sourceTree = "<group>"; };
		2C1459CD1B4B969500C81E2C /* ITTMonth.h */ = {isa = PBXFileReference; fileEncoding = 4; lastKnownFileType = sourcecode.c.h; path = ITTMonth.h; sourceTree = "<group>"; };
		2C1459CE1B4B969500C81E2C /* ITTMonth.m */ = {isa = PBXFileReference; fileEncoding = 4; lastKnownFileType = sourcecode.c.objc; path = ITTMonth.m; sourceTree = "<group>"; };
		2C1459D01B4B969500C81E2C /* NSObject+AccessibilityTools.h */ = {isa = PBXFileReference; fileEncoding = 4; lastKnownFileType = sourcecode.c.h; path = "NSObject+AccessibilityTools.h"; sourceTree = "<group>"; };
		2C1459D11B4B969500C81E2C /* NSObject+AccessibilityTools.m */ = {isa = PBXFileReference; fileEncoding = 4; lastKnownFileType = sourcecode.c.objc; path = "NSObject+AccessibilityTools.m"; sourceTree = "<group>"; };
		2C1459D21B4B969500C81E2C /* NSObject+Tools.h */ = {isa = PBXFileReference; fileEncoding = 4; lastKnownFileType = sourcecode.c.h; path = "NSObject+Tools.h"; sourceTree = "<group>"; };
		2C1459D31B4B969500C81E2C /* NSObject+Tools.m */ = {isa = PBXFileReference; fileEncoding = 4; lastKnownFileType = sourcecode.c.objc; path = "NSObject+Tools.m"; sourceTree = "<group>"; };
		2C1459D41B4B969500C81E2C /* NSString+Tools.h */ = {isa = PBXFileReference; fileEncoding = 4; lastKnownFileType = sourcecode.c.h; path = "NSString+Tools.h"; sourceTree = "<group>"; };
		2C1459D51B4B969500C81E2C /* NSString+Tools.m */ = {isa = PBXFileReference; fileEncoding = 4; lastKnownFileType = sourcecode.c.objc; path = "NSString+Tools.m"; sourceTree = "<group>"; };
		2C1459D61B4B969500C81E2C /* NSTimer+Tools.h */ = {isa = PBXFileReference; fileEncoding = 4; lastKnownFileType = sourcecode.c.h; path = "NSTimer+Tools.h"; sourceTree = "<group>"; };
		2C1459D71B4B969500C81E2C /* NSTimer+Tools.m */ = {isa = PBXFileReference; fileEncoding = 4; lastKnownFileType = sourcecode.c.objc; path = "NSTimer+Tools.m"; sourceTree = "<group>"; };
		2C1459D81B4B969500C81E2C /* UIActionSheet+Tools.h */ = {isa = PBXFileReference; fileEncoding = 4; lastKnownFileType = sourcecode.c.h; path = "UIActionSheet+Tools.h"; sourceTree = "<group>"; };
		2C1459D91B4B969500C81E2C /* UIActionSheet+Tools.m */ = {isa = PBXFileReference; fileEncoding = 4; lastKnownFileType = sourcecode.c.objc; path = "UIActionSheet+Tools.m"; sourceTree = "<group>"; };
		2C1459DA1B4B969500C81E2C /* UIAlertView+Tools.h */ = {isa = PBXFileReference; fileEncoding = 4; lastKnownFileType = sourcecode.c.h; path = "UIAlertView+Tools.h"; sourceTree = "<group>"; };
		2C1459DB1B4B969500C81E2C /* UIAlertView+Tools.m */ = {isa = PBXFileReference; fileEncoding = 4; lastKnownFileType = sourcecode.c.objc; path = "UIAlertView+Tools.m"; sourceTree = "<group>"; };
		2C1459DC1B4B969500C81E2C /* UIButton+Tools.h */ = {isa = PBXFileReference; fileEncoding = 4; lastKnownFileType = sourcecode.c.h; path = "UIButton+Tools.h"; sourceTree = "<group>"; };
		2C1459DD1B4B969500C81E2C /* UIButton+Tools.m */ = {isa = PBXFileReference; fileEncoding = 4; lastKnownFileType = sourcecode.c.objc; path = "UIButton+Tools.m"; sourceTree = "<group>"; };
		2C1459DE1B4B969500C81E2C /* UIColor+Tools.h */ = {isa = PBXFileReference; fileEncoding = 4; lastKnownFileType = sourcecode.c.h; path = "UIColor+Tools.h"; sourceTree = "<group>"; };
		2C1459DF1B4B969500C81E2C /* UIColor+Tools.m */ = {isa = PBXFileReference; fileEncoding = 4; lastKnownFileType = sourcecode.c.objc; path = "UIColor+Tools.m"; sourceTree = "<group>"; };
		2C1459E01B4B969500C81E2C /* UIImage+Tools.h */ = {isa = PBXFileReference; fileEncoding = 4; lastKnownFileType = sourcecode.c.h; path = "UIImage+Tools.h"; sourceTree = "<group>"; };
		2C1459E11B4B969500C81E2C /* UIImage+Tools.m */ = {isa = PBXFileReference; fileEncoding = 4; lastKnownFileType = sourcecode.c.objc; path = "UIImage+Tools.m"; sourceTree = "<group>"; };
		2C1459E21B4B969500C81E2C /* UILabel+Tools.h */ = {isa = PBXFileReference; fileEncoding = 4; lastKnownFileType = sourcecode.c.h; path = "UILabel+Tools.h"; sourceTree = "<group>"; };
		2C1459E31B4B969500C81E2C /* UILabel+Tools.m */ = {isa = PBXFileReference; fileEncoding = 4; lastKnownFileType = sourcecode.c.objc; path = "UILabel+Tools.m"; sourceTree = "<group>"; };
		2C1459E41B4B969500C81E2C /* UINavigationController+Tools.h */ = {isa = PBXFileReference; fileEncoding = 4; lastKnownFileType = sourcecode.c.h; path = "UINavigationController+Tools.h"; sourceTree = "<group>"; };
		2C1459E51B4B969500C81E2C /* UINavigationController+Tools.m */ = {isa = PBXFileReference; fileEncoding = 4; lastKnownFileType = sourcecode.c.objc; path = "UINavigationController+Tools.m"; sourceTree = "<group>"; };
		2C1459E61B4B969500C81E2C /* UIResponder+Tools.h */ = {isa = PBXFileReference; fileEncoding = 4; lastKnownFileType = sourcecode.c.h; path = "UIResponder+Tools.h"; sourceTree = "<group>"; };
		2C1459E71B4B969500C81E2C /* UIResponder+Tools.m */ = {isa = PBXFileReference; fileEncoding = 4; lastKnownFileType = sourcecode.c.objc; path = "UIResponder+Tools.m"; sourceTree = "<group>"; };
		2C1459E81B4B969500C81E2C /* UITextField+Tools.h */ = {isa = PBXFileReference; fileEncoding = 4; lastKnownFileType = sourcecode.c.h; path = "UITextField+Tools.h"; sourceTree = "<group>"; };
		2C1459E91B4B969500C81E2C /* UITextField+Tools.m */ = {isa = PBXFileReference; fileEncoding = 4; lastKnownFileType = sourcecode.c.objc; path = "UITextField+Tools.m"; sourceTree = "<group>"; };
		2C1459EA1B4B969500C81E2C /* UIView+Tools.h */ = {isa = PBXFileReference; fileEncoding = 4; lastKnownFileType = sourcecode.c.h; path = "UIView+Tools.h"; sourceTree = "<group>"; };
		2C1459EB1B4B969500C81E2C /* UIView+Tools.m */ = {isa = PBXFileReference; fileEncoding = 4; lastKnownFileType = sourcecode.c.objc; path = "UIView+Tools.m"; sourceTree = "<group>"; };
		2C1459EC1B4B969500C81E2C /* GlobalMacro.h */ = {isa = PBXFileReference; fileEncoding = 4; lastKnownFileType = sourcecode.c.h; path = GlobalMacro.h; sourceTree = "<group>"; };
		2C1459ED1B4B969500C81E2C /* ToolsHeader.h */ = {isa = PBXFileReference; fileEncoding = 4; lastKnownFileType = sourcecode.c.h; path = ToolsHeader.h; sourceTree = "<group>"; };
		2C1459EF1B4B969500C81E2C /* PlaceholderTextView.h */ = {isa = PBXFileReference; fileEncoding = 4; lastKnownFileType = sourcecode.c.h; path = PlaceholderTextView.h; sourceTree = "<group>"; };
		2C1459F01B4B969500C81E2C /* PlaceholderTextView.m */ = {isa = PBXFileReference; fileEncoding = 4; lastKnownFileType = sourcecode.c.objc; path = PlaceholderTextView.m; sourceTree = "<group>"; };
		2C8385931B4F9FB200D0E3FE /* JUIButton.h */ = {isa = PBXFileReference; fileEncoding = 4; lastKnownFileType = sourcecode.c.h; path = JUIButton.h; sourceTree = "<group>"; };
		2C8385941B4F9FB200D0E3FE /* JUIButton.m */ = {isa = PBXFileReference; fileEncoding = 4; lastKnownFileType = sourcecode.c.objc; path = JUIButton.m; sourceTree = "<group>"; };
		2C8385951B4F9FB200D0E3FE /* JUILabel.h */ = {isa = PBXFileReference; fileEncoding = 4; lastKnownFileType = sourcecode.c.h; path = JUILabel.h; sourceTree = "<group>"; };
		2C8385961B4F9FB200D0E3FE /* JUILabel.m */ = {isa = PBXFileReference; fileEncoding = 4; lastKnownFileType = sourcecode.c.objc; path = JUILabel.m; sourceTree = "<group>"; };
		2C8385971B4F9FB200D0E3FE /* JUIView.h */ = {isa = PBXFileReference; fileEncoding = 4; lastKnownFileType = sourcecode.c.h; path = JUIView.h; sourceTree = "<group>"; };
		2C8385981B4F9FB200D0E3FE /* JUIView.m */ = {isa = PBXFileReference; fileEncoding = 4; lastKnownFileType = sourcecode.c.objc; path = JUIView.m; sourceTree = "<group>"; };
		2C8385991B4F9FB200D0E3FE /* UIButton+MBIBnspectable.h */ = {isa = PBXFileReference; fileEncoding = 4; lastKnownFileType = sourcecode.c.h; path = "UIButton+MBIBnspectable.h"; sourceTree = "<group>"; };
		2C83859A1B4F9FB200D0E3FE /* UIButton+MBIBnspectable.m */ = {isa = PBXFileReference; fileEncoding = 4; lastKnownFileType = sourcecode.c.objc; path = "UIButton+MBIBnspectable.m"; sourceTree = "<group>"; };
		2C83859B1B4F9FB200D0E3FE /* UILabel+MBIBnsepectable.h */ = {isa = PBXFileReference; fileEncoding = 4; lastKnownFileType = sourcecode.c.h; path = "UILabel+MBIBnsepectable.h"; sourceTree = "<group>"; };
		2C83859C1B4F9FB200D0E3FE /* UILabel+MBIBnsepectable.m */ = {isa = PBXFileReference; fileEncoding = 4; lastKnownFileType = sourcecode.c.objc; path = "UILabel+MBIBnsepectable.m"; sourceTree = "<group>"; };
		2C83859D1B4F9FB200D0E3FE /* UIView+MBIBnspectable.h */ = {isa = PBXFileReference; fileEncoding = 4; lastKnownFileType = sourcecode.c.h; path = "UIView+MBIBnspectable.h"; sourceTree = "<group>"; };
		2C83859E1B4F9FB200D0E3FE /* UIView+MBIBnspectable.m */ = {isa = PBXFileReference; fileEncoding = 4; lastKnownFileType = sourcecode.c.objc; path = "UIView+MBIBnspectable.m"; sourceTree = "<group>"; };
		2CFD50BA1B317F4F00232BAD /* DevelopTools.app */ = {isa = PBXFileReference; explicitFileType = wrapper.application; includeInIndex = 0; path = DevelopTools.app; sourceTree = BUILT_PRODUCTS_DIR; };
		2CFD50BE1B317F4F00232BAD /* Info.plist */ = {isa = PBXFileReference; lastKnownFileType = text.plist.xml; path = Info.plist; sourceTree = "<group>"; };
		2CFD50BF1B317F4F00232BAD /* main.m */ = {isa = PBXFileReference; lastKnownFileType = sourcecode.c.objc; path = main.m; sourceTree = "<group>"; };
		2CFD50C11B317F4F00232BAD /* AppDelegate.h */ = {isa = PBXFileReference; lastKnownFileType = sourcecode.c.h; path = AppDelegate.h; sourceTree = "<group>"; };
		2CFD50C21B317F4F00232BAD /* AppDelegate.m */ = {isa = PBXFileReference; lastKnownFileType = sourcecode.c.objc; path = AppDelegate.m; sourceTree = "<group>"; };
		2CFD50C41B317F4F00232BAD /* ViewController.h */ = {isa = PBXFileReference; lastKnownFileType = sourcecode.c.h; path = ViewController.h; sourceTree = "<group>"; };
		2CFD50C51B317F4F00232BAD /* ViewController.m */ = {isa = PBXFileReference; lastKnownFileType = sourcecode.c.objc; path = ViewController.m; sourceTree = "<group>"; };
		2CFD50C81B317F4F00232BAD /* Base */ = {isa = PBXFileReference; lastKnownFileType = file.storyboard; name = Base; path = Base.lproj/Main.storyboard; sourceTree = "<group>"; };
		2CFD50CA1B317F4F00232BAD /* Images.xcassets */ = {isa = PBXFileReference; lastKnownFileType = folder.assetcatalog; path = Images.xcassets; sourceTree = "<group>"; };
		2CFD50CD1B317F4F00232BAD /* Base */ = {isa = PBXFileReference; lastKnownFileType = file.xib; name = Base; path = Base.lproj/LaunchScreen.xib; sourceTree = "<group>"; };
		2CFD50D31B317F4F00232BAD /* DevelopToolsTests.xctest */ = {isa = PBXFileReference; explicitFileType = wrapper.cfbundle; includeInIndex = 0; path = DevelopToolsTests.xctest; sourceTree = BUILT_PRODUCTS_DIR; };
		2CFD50D81B317F4F00232BAD /* Info.plist */ = {isa = PBXFileReference; lastKnownFileType = text.plist.xml; path = Info.plist; sourceTree = "<group>"; };
		2CFD50D91B317F4F00232BAD /* DevelopToolsTests.m */ = {isa = PBXFileReference; lastKnownFileType = sourcecode.c.objc; path = DevelopToolsTests.m; sourceTree = "<group>"; };
		2CFD51181B3181E000232BAD /* Header.pch */ = {isa = PBXFileReference; lastKnownFileType = sourcecode.c.h; path = Header.pch; sourceTree = "<group>"; };
/* End PBXFileReference section */

/* Begin PBXFrameworksBuildPhase section */
		2CFD50B71B317F4F00232BAD /* Frameworks */ = {
			isa = PBXFrameworksBuildPhase;
			buildActionMask = 2147483647;
			files = (
			);
			runOnlyForDeploymentPostprocessing = 0;
		};
		2CFD50D01B317F4F00232BAD /* Frameworks */ = {
			isa = PBXFrameworksBuildPhase;
			buildActionMask = 2147483647;
			files = (
			);
			runOnlyForDeploymentPostprocessing = 0;
		};
/* End PBXFrameworksBuildPhase section */

/* Begin PBXGroup section */
		2C1459BF1B4B969500C81E2C /* Tools */ = {
			isa = PBXGroup;
			children = (
				2C1459ED1B4B969500C81E2C /* ToolsHeader.h */,
				2C1459EC1B4B969500C81E2C /* GlobalMacro.h */,
				2C8385921B4F9FB200D0E3FE /* MBIBnspectable */,
				2C1459C01B4B969500C81E2C /* BaseClasses */,
				2C1459C71B4B969500C81E2C /* CalendarUtil */,
				2C1459CF1B4B969500C81E2C /* Category */,
				2C1459EE1B4B969500C81E2C /* View */,
			);
			path = Tools;
			sourceTree = "<group>";
		};
		2C1459C01B4B969500C81E2C /* BaseClasses */ = {
			isa = PBXGroup;
			children = (
				2C1459C11B4B969500C81E2C /* BaseCell.h */,
				2C1459C21B4B969500C81E2C /* BaseCell.m */,
				2C1459C31B4B969500C81E2C /* BaseNVC.h */,
				2C1459C41B4B969500C81E2C /* BaseNVC.m */,
				2C1459C51B4B969500C81E2C /* BaseVC.h */,
				2C1459C61B4B969500C81E2C /* BaseVC.m */,
			);
			path = BaseClasses;
			sourceTree = "<group>";
		};
		2C1459C71B4B969500C81E2C /* CalendarUtil */ = {
			isa = PBXGroup;
			children = (
				2C1459C81B4B969500C81E2C /* ITTDateUtil.h */,
				2C1459C91B4B969500C81E2C /* ITTDateUtil.m */,
				2C1459CA1B4B969500C81E2C /* ITTDay.h */,
				2C1459CB1B4B969500C81E2C /* ITTDay.m */,
				2C1459CC1B4B969500C81E2C /* ITTHeader.h */,
				2C1459CD1B4B969500C81E2C /* ITTMonth.h */,
				2C1459CE1B4B969500C81E2C /* ITTMonth.m */,
			);
			path = CalendarUtil;
			sourceTree = "<group>";
		};
		2C1459CF1B4B969500C81E2C /* Category */ = {
			isa = PBXGroup;
			children = (
				2C1459D01B4B969500C81E2C /* NSObject+AccessibilityTools.h */,
				2C1459D11B4B969500C81E2C /* NSObject+AccessibilityTools.m */,
				2C1459D21B4B969500C81E2C /* NSObject+Tools.h */,
				2C1459D31B4B969500C81E2C /* NSObject+Tools.m */,
				2C1459D41B4B969500C81E2C /* NSString+Tools.h */,
				2C1459D51B4B969500C81E2C /* NSString+Tools.m */,
				2C1459D61B4B969500C81E2C /* NSTimer+Tools.h */,
				2C1459D71B4B969500C81E2C /* NSTimer+Tools.m */,
				2C1459D81B4B969500C81E2C /* UIActionSheet+Tools.h */,
				2C1459D91B4B969500C81E2C /* UIActionSheet+Tools.m */,
				2C1459DA1B4B969500C81E2C /* UIAlertView+Tools.h */,
				2C1459DB1B4B969500C81E2C /* UIAlertView+Tools.m */,
				2C1459DC1B4B969500C81E2C /* UIButton+Tools.h */,
				2C1459DD1B4B969500C81E2C /* UIButton+Tools.m */,
				2C1459DE1B4B969500C81E2C /* UIColor+Tools.h */,
				2C1459DF1B4B969500C81E2C /* UIColor+Tools.m */,
				2C1459E01B4B969500C81E2C /* UIImage+Tools.h */,
				2C1459E11B4B969500C81E2C /* UIImage+Tools.m */,
				2C1459E21B4B969500C81E2C /* UILabel+Tools.h */,
				2C1459E31B4B969500C81E2C /* UILabel+Tools.m */,
				2C1459E41B4B969500C81E2C /* UINavigationController+Tools.h */,
				2C1459E51B4B969500C81E2C /* UINavigationController+Tools.m */,
				2C1459E61B4B969500C81E2C /* UIResponder+Tools.h */,
				2C1459E71B4B969500C81E2C /* UIResponder+Tools.m */,
				2C1459E81B4B969500C81E2C /* UITextField+Tools.h */,
				2C1459E91B4B969500C81E2C /* UITextField+Tools.m */,
				2C1459EA1B4B969500C81E2C /* UIView+Tools.h */,
				2C1459EB1B4B969500C81E2C /* UIView+Tools.m */,
			);
			path = Category;
			sourceTree = "<group>";
		};
		2C1459EE1B4B969500C81E2C /* View */ = {
			isa = PBXGroup;
			children = (
				2C1459EF1B4B969500C81E2C /* PlaceholderTextView.h */,
				2C1459F01B4B969500C81E2C /* PlaceholderTextView.m */,
			);
			path = View;
			sourceTree = "<group>";
		};
		2C8385921B4F9FB200D0E3FE /* MBIBnspectable */ = {
			isa = PBXGroup;
			children = (
				2C8385931B4F9FB200D0E3FE /* JUIButton.h */,
				2C8385941B4F9FB200D0E3FE /* JUIButton.m */,
				2C8385951B4F9FB200D0E3FE /* JUILabel.h */,
				2C8385961B4F9FB200D0E3FE /* JUILabel.m */,
				2C8385971B4F9FB200D0E3FE /* JUIView.h */,
				2C8385981B4F9FB200D0E3FE /* JUIView.m */,
				2C8385991B4F9FB200D0E3FE /* UIButton+MBIBnspectable.h */,
				2C83859A1B4F9FB200D0E3FE /* UIButton+MBIBnspectable.m */,
				2C83859B1B4F9FB200D0E3FE /* UILabel+MBIBnsepectable.h */,
				2C83859C1B4F9FB200D0E3FE /* UILabel+MBIBnsepectable.m */,
				2C83859D1B4F9FB200D0E3FE /* UIView+MBIBnspectable.h */,
				2C83859E1B4F9FB200D0E3FE /* UIView+MBIBnspectable.m */,
			);
			path = MBIBnspectable;
			sourceTree = "<group>";
		};
		2CFD50B11B317F4F00232BAD = {
			isa = PBXGroup;
			children = (
				2CFD50BC1B317F4F00232BAD /* DevelopTools */,
				2CFD50D61B317F4F00232BAD /* DevelopToolsTests */,
				2CFD50BB1B317F4F00232BAD /* Products */,
			);
			sourceTree = "<group>";
		};
		2CFD50BB1B317F4F00232BAD /* Products */ = {
			isa = PBXGroup;
			children = (
				2CFD50BA1B317F4F00232BAD /* DevelopTools.app */,
				2CFD50D31B317F4F00232BAD /* DevelopToolsTests.xctest */,
			);
			name = Products;
			sourceTree = "<group>";
		};
		2CFD50BC1B317F4F00232BAD /* DevelopTools */ = {
			isa = PBXGroup;
			children = (
				2C1459BF1B4B969500C81E2C /* Tools */,
				2CFD50C11B317F4F00232BAD /* AppDelegate.h */,
				2CFD50C21B317F4F00232BAD /* AppDelegate.m */,
				2CFD50C41B317F4F00232BAD /* ViewController.h */,
				2CFD50C51B317F4F00232BAD /* ViewController.m */,
				2CFD51181B3181E000232BAD /* Header.pch */,
				2CFD50C71B317F4F00232BAD /* Main.storyboard */,
				2CFD50CA1B317F4F00232BAD /* Images.xcassets */,
				2CFD50CC1B317F4F00232BAD /* LaunchScreen.xib */,
				2CFD50BD1B317F4F00232BAD /* Supporting Files */,
			);
			path = DevelopTools;
			sourceTree = "<group>";
		};
		2CFD50BD1B317F4F00232BAD /* Supporting Files */ = {
			isa = PBXGroup;
			children = (
				2CFD50BE1B317F4F00232BAD /* Info.plist */,
				2CFD50BF1B317F4F00232BAD /* main.m */,
			);
			name = "Supporting Files";
			sourceTree = "<group>";
		};
		2CFD50D61B317F4F00232BAD /* DevelopToolsTests */ = {
			isa = PBXGroup;
			children = (
				2CFD50D91B317F4F00232BAD /* DevelopToolsTests.m */,
				2CFD50D71B317F4F00232BAD /* Supporting Files */,
			);
			path = DevelopToolsTests;
			sourceTree = "<group>";
		};
		2CFD50D71B317F4F00232BAD /* Supporting Files */ = {
			isa = PBXGroup;
			children = (
				2CFD50D81B317F4F00232BAD /* Info.plist */,
			);
			name = "Supporting Files";
			sourceTree = "<group>";
		};
/* End PBXGroup section */

/* Begin PBXNativeTarget section */
		2CFD50B91B317F4F00232BAD /* DevelopTools */ = {
			isa = PBXNativeTarget;
			buildConfigurationList = 2CFD50DD1B317F4F00232BAD /* Build configuration list for PBXNativeTarget "DevelopTools" */;
			buildPhases = (
				2CFD50B61B317F4F00232BAD /* Sources */,
				2CFD50B71B317F4F00232BAD /* Frameworks */,
				2CFD50B81B317F4F00232BAD /* Resources */,
			);
			buildRules = (
			);
			dependencies = (
			);
			name = DevelopTools;
			productName = DevelopTools;
			productReference = 2CFD50BA1B317F4F00232BAD /* DevelopTools.app */;
			productType = "com.apple.product-type.application";
		};
		2CFD50D21B317F4F00232BAD /* DevelopToolsTests */ = {
			isa = PBXNativeTarget;
			buildConfigurationList = 2CFD50E01B317F4F00232BAD /* Build configuration list for PBXNativeTarget "DevelopToolsTests" */;
			buildPhases = (
				2CFD50CF1B317F4F00232BAD /* Sources */,
				2CFD50D01B317F4F00232BAD /* Frameworks */,
				2CFD50D11B317F4F00232BAD /* Resources */,
			);
			buildRules = (
			);
			dependencies = (
				2CFD50D51B317F4F00232BAD /* PBXTargetDependency */,
			);
			name = DevelopToolsTests;
			productName = DevelopToolsTests;
			productReference = 2CFD50D31B317F4F00232BAD /* DevelopToolsTests.xctest */;
			productType = "com.apple.product-type.bundle.unit-test";
		};
/* End PBXNativeTarget section */

/* Begin PBXProject section */
		2CFD50B21B317F4F00232BAD /* Project object */ = {
			isa = PBXProject;
			attributes = {
				LastUpgradeCheck = 0620;
				ORGANIZATIONNAME = Johnson;
				TargetAttributes = {
					2CFD50B91B317F4F00232BAD = {
						CreatedOnToolsVersion = 6.2;
					};
					2CFD50D21B317F4F00232BAD = {
						CreatedOnToolsVersion = 6.2;
						TestTargetID = 2CFD50B91B317F4F00232BAD;
					};
				};
			};
			buildConfigurationList = 2CFD50B51B317F4F00232BAD /* Build configuration list for PBXProject "DevelopTools" */;
			compatibilityVersion = "Xcode 3.2";
			developmentRegion = English;
			hasScannedForEncodings = 0;
			knownRegions = (
				en,
				Base,
			);
			mainGroup = 2CFD50B11B317F4F00232BAD;
			productRefGroup = 2CFD50BB1B317F4F00232BAD /* Products */;
			projectDirPath = "";
			projectRoot = "";
			targets = (
				2CFD50B91B317F4F00232BAD /* DevelopTools */,
				2CFD50D21B317F4F00232BAD /* DevelopToolsTests */,
			);
		};
/* End PBXProject section */

/* Begin PBXResourcesBuildPhase section */
		2CFD50B81B317F4F00232BAD /* Resources */ = {
			isa = PBXResourcesBuildPhase;
			buildActionMask = 2147483647;
			files = (
				2CFD50C91B317F4F00232BAD /* Main.storyboard in Resources */,
				2CFD50CE1B317F4F00232BAD /* LaunchScreen.xib in Resources */,
				2CFD50CB1B317F4F00232BAD /* Images.xcassets in Resources */,
			);
			runOnlyForDeploymentPostprocessing = 0;
		};
		2CFD50D11B317F4F00232BAD /* Resources */ = {
			isa = PBXResourcesBuildPhase;
			buildActionMask = 2147483647;
			files = (
			);
			runOnlyForDeploymentPostprocessing = 0;
		};
/* End PBXResourcesBuildPhase section */

/* Begin PBXSourcesBuildPhase section */
		2CFD50B61B317F4F00232BAD /* Sources */ = {
			isa = PBXSourcesBuildPhase;
			buildActionMask = 2147483647;
			files = (
				2C1459F71B4B969500C81E2C /* NSObject+AccessibilityTools.m in Sources */,
				2C1459FD1B4B969500C81E2C /* UIButton+Tools.m in Sources */,
				2C1459FB1B4B969500C81E2C /* UIActionSheet+Tools.m in Sources */,
				2C145A041B4B969500C81E2C /* UIView+Tools.m in Sources */,
				2C1459FE1B4B969500C81E2C /* UIColor+Tools.m in Sources */,
				2C8385A31B4F9FB200D0E3FE /* UILabel+MBIBnsepectable.m in Sources */,
				2C1459FC1B4B969500C81E2C /* UIAlertView+Tools.m in Sources */,
				2C1459F11B4B969500C81E2C /* BaseCell.m in Sources */,
				2CFD50C61B317F4F00232BAD /* ViewController.m in Sources */,
				2C8385A21B4F9FB200D0E3FE /* UIButton+MBIBnspectable.m in Sources */,
				2C145A011B4B969500C81E2C /* UINavigationController+Tools.m in Sources */,
				2C1459F51B4B969500C81E2C /* ITTDay.m in Sources */,
				2C1459F81B4B969500C81E2C /* NSObject+Tools.m in Sources */,
				2C145A051B4B969500C81E2C /* PlaceholderTextView.m in Sources */,
				2C1459F41B4B969500C81E2C /* ITTDateUtil.m in Sources */,
				2C145A031B4B969500C81E2C /* UITextField+Tools.m in Sources */,
				2CFD50C31B317F4F00232BAD /* AppDelegate.m in Sources */,
				2C1459F91B4B969500C81E2C /* NSString+Tools.m in Sources */,
				2C1459F61B4B969500C81E2C /* ITTMonth.m in Sources */,
				2C145A021B4B969500C81E2C /* UIResponder+Tools.m in Sources */,
				2C145A001B4B969500C81E2C /* UILabel+Tools.m in Sources */,
				2C1459FF1B4B969500C81E2C /* UIImage+Tools.m in Sources */,
				2C8385A11B4F9FB200D0E3FE /* JUIView.m in Sources */,
				2C8385A41B4F9FB200D0E3FE /* UIView+MBIBnspectable.m in Sources */,
				2C1459F31B4B969500C81E2C /* BaseVC.m in Sources */,
				2CFD50C01B317F4F00232BAD /* main.m in Sources */,
				2C1459F21B4B969500C81E2C /* BaseNVC.m in Sources */,
				2C83859F1B4F9FB200D0E3FE /* JUIButton.m in Sources */,
				2C1459FA1B4B969500C81E2C /* NSTimer+Tools.m in Sources */,
				2C8385A01B4F9FB200D0E3FE /* JUILabel.m in Sources */,
			);
			runOnlyForDeploymentPostprocessing = 0;
		};
		2CFD50CF1B317F4F00232BAD /* Sources */ = {
			isa = PBXSourcesBuildPhase;
			buildActionMask = 2147483647;
			files = (
				2CFD50DA1B317F4F00232BAD /* DevelopToolsTests.m in Sources */,
			);
			runOnlyForDeploymentPostprocessing = 0;
		};
/* End PBXSourcesBuildPhase section */

/* Begin PBXTargetDependency section */
		2CFD50D51B317F4F00232BAD /* PBXTargetDependency */ = {
			isa = PBXTargetDependency;
			target = 2CFD50B91B317F4F00232BAD /* DevelopTools */;
			targetProxy = 2CFD50D41B317F4F00232BAD /* PBXContainerItemProxy */;
		};
/* End PBXTargetDependency section */

/* Begin PBXVariantGroup section */
		2CFD50C71B317F4F00232BAD /* Main.storyboard */ = {
			isa = PBXVariantGroup;
			children = (
				2CFD50C81B317F4F00232BAD /* Base */,
			);
			name = Main.storyboard;
			sourceTree = "<group>";
		};
		2CFD50CC1B317F4F00232BAD /* LaunchScreen.xib */ = {
			isa = PBXVariantGroup;
			children = (
				2CFD50CD1B317F4F00232BAD /* Base */,
			);
			name = LaunchScreen.xib;
			sourceTree = "<group>";
		};
/* End PBXVariantGroup section */

/* Begin XCBuildConfiguration section */
		2CFD50DB1B317F4F00232BAD /* Debug */ = {
			isa = XCBuildConfiguration;
			buildSettings = {
				ALWAYS_SEARCH_USER_PATHS = NO;
				CLANG_CXX_LANGUAGE_STANDARD = "gnu++0x";
				CLANG_CXX_LIBRARY = "libc++";
				CLANG_ENABLE_MODULES = YES;
				CLANG_ENABLE_OBJC_ARC = YES;
				CLANG_WARN_BOOL_CONVERSION = YES;
				CLANG_WARN_CONSTANT_CONVERSION = YES;
				CLANG_WARN_DIRECT_OBJC_ISA_USAGE = YES_ERROR;
				CLANG_WARN_EMPTY_BODY = YES;
				CLANG_WARN_ENUM_CONVERSION = YES;
				CLANG_WARN_INT_CONVERSION = YES;
				CLANG_WARN_OBJC_ROOT_CLASS = YES_ERROR;
				CLANG_WARN_UNREACHABLE_CODE = YES;
				CLANG_WARN__DUPLICATE_METHOD_MATCH = YES;
				"CODE_SIGN_IDENTITY[sdk=iphoneos*]" = "iPhone Developer";
				COPY_PHASE_STRIP = NO;
				ENABLE_STRICT_OBJC_MSGSEND = YES;
				GCC_C_LANGUAGE_STANDARD = gnu99;
				GCC_DYNAMIC_NO_PIC = NO;
				GCC_OPTIMIZATION_LEVEL = 0;
				GCC_PREPROCESSOR_DEFINITIONS = (
					"DEBUG=1",
					"$(inherited)",
				);
				GCC_SYMBOLS_PRIVATE_EXTERN = NO;
				GCC_WARN_64_TO_32_BIT_CONVERSION = YES;
				GCC_WARN_ABOUT_RETURN_TYPE = YES_ERROR;
				GCC_WARN_UNDECLARED_SELECTOR = YES;
				GCC_WARN_UNINITIALIZED_AUTOS = YES_AGGRESSIVE;
				GCC_WARN_UNUSED_FUNCTION = YES;
				GCC_WARN_UNUSED_VARIABLE = YES;
				IPHONEOS_DEPLOYMENT_TARGET = 8.2;
				MTL_ENABLE_DEBUG_INFO = YES;
				ONLY_ACTIVE_ARCH = YES;
				SDKROOT = iphoneos;
			};
			name = Debug;
		};
		2CFD50DC1B317F4F00232BAD /* Release */ = {
			isa = XCBuildConfiguration;
			buildSettings = {
				ALWAYS_SEARCH_USER_PATHS = NO;
				CLANG_CXX_LANGUAGE_STANDARD = "gnu++0x";
				CLANG_CXX_LIBRARY = "libc++";
				CLANG_ENABLE_MODULES = YES;
				CLANG_ENABLE_OBJC_ARC = YES;
				CLANG_WARN_BOOL_CONVERSION = YES;
				CLANG_WARN_CONSTANT_CONVERSION = YES;
				CLANG_WARN_DIRECT_OBJC_ISA_USAGE = YES_ERROR;
				CLANG_WARN_EMPTY_BODY = YES;
				CLANG_WARN_ENUM_CONVERSION = YES;
				CLANG_WARN_INT_CONVERSION = YES;
				CLANG_WARN_OBJC_ROOT_CLASS = YES_ERROR;
				CLANG_WARN_UNREACHABLE_CODE = YES;
				CLANG_WARN__DUPLICATE_METHOD_MATCH = YES;
				"CODE_SIGN_IDENTITY[sdk=iphoneos*]" = "iPhone Developer";
				COPY_PHASE_STRIP = NO;
				ENABLE_NS_ASSERTIONS = NO;
				ENABLE_STRICT_OBJC_MSGSEND = YES;
				GCC_C_LANGUAGE_STANDARD = gnu99;
				GCC_WARN_64_TO_32_BIT_CONVERSION = YES;
				GCC_WARN_ABOUT_RETURN_TYPE = YES_ERROR;
				GCC_WARN_UNDECLARED_SELECTOR = YES;
				GCC_WARN_UNINITIALIZED_AUTOS = YES_AGGRESSIVE;
				GCC_WARN_UNUSED_FUNCTION = YES;
				GCC_WARN_UNUSED_VARIABLE = YES;
				IPHONEOS_DEPLOYMENT_TARGET = 8.2;
				MTL_ENABLE_DEBUG_INFO = NO;
				SDKROOT = iphoneos;
				VALIDATE_PRODUCT = YES;
			};
			name = Release;
		};
		2CFD50DE1B317F4F00232BAD /* Debug */ = {
			isa = XCBuildConfiguration;
			buildSettings = {
				ASSETCATALOG_COMPILER_APPICON_NAME = AppIcon;
				GCC_PREFIX_HEADER = "$(SRCROOT)/DevelopTools/Header.pch";
				INFOPLIST_FILE = DevelopTools/Info.plist;
				LD_RUNPATH_SEARCH_PATHS = "$(inherited) @executable_path/Frameworks";
				PRODUCT_NAME = "$(TARGET_NAME)";
			};
			name = Debug;
		};
		2CFD50DF1B317F4F00232BAD /* Release */ = {
			isa = XCBuildConfiguration;
			buildSettings = {
				ASSETCATALOG_COMPILER_APPICON_NAME = AppIcon;
				GCC_PREFIX_HEADER = "$(SRCROOT)/DevelopTools/Header.pch";
				INFOPLIST_FILE = DevelopTools/Info.plist;
				LD_RUNPATH_SEARCH_PATHS = "$(inherited) @executable_path/Frameworks";
				PRODUCT_NAME = "$(TARGET_NAME)";
			};
			name = Release;
		};
		2CFD50E11B317F4F00232BAD /* Debug */ = {
			isa = XCBuildConfiguration;
			buildSettings = {
				BUNDLE_LOADER = "$(TEST_HOST)";
				FRAMEWORK_SEARCH_PATHS = (
					"$(SDKROOT)/Developer/Library/Frameworks",
					"$(inherited)",
				);
				GCC_PREPROCESSOR_DEFINITIONS = (
					"DEBUG=1",
					"$(inherited)",
				);
				INFOPLIST_FILE = DevelopToolsTests/Info.plist;
				LD_RUNPATH_SEARCH_PATHS = "$(inherited) @executable_path/Frameworks @loader_path/Frameworks";
				PRODUCT_NAME = "$(TARGET_NAME)";
				TEST_HOST = "$(BUILT_PRODUCTS_DIR)/DevelopTools.app/DevelopTools";
			};
			name = Debug;
		};
		2CFD50E21B317F4F00232BAD /* Release */ = {
			isa = XCBuildConfiguration;
			buildSettings = {
				BUNDLE_LOADER = "$(TEST_HOST)";
				FRAMEWORK_SEARCH_PATHS = (
					"$(SDKROOT)/Developer/Library/Frameworks",
					"$(inherited)",
				);
				INFOPLIST_FILE = DevelopToolsTests/Info.plist;
				LD_RUNPATH_SEARCH_PATHS = "$(inherited) @executable_path/Frameworks @loader_path/Frameworks";
				PRODUCT_NAME = "$(TARGET_NAME)";
				TEST_HOST = "$(BUILT_PRODUCTS_DIR)/DevelopTools.app/DevelopTools";
			};
			name = Release;
		};
/* End XCBuildConfiguration section */

/* Begin XCConfigurationList section */
		2CFD50B51B317F4F00232BAD /* Build configuration list for PBXProject "DevelopTools" */ = {
			isa = XCConfigurationList;
			buildConfigurations = (
				2CFD50DB1B317F4F00232BAD /* Debug */,
				2CFD50DC1B317F4F00232BAD /* Release */,
			);
			defaultConfigurationIsVisible = 0;
			defaultConfigurationName = Release;
		};
		2CFD50DD1B317F4F00232BAD /* Build configuration list for PBXNativeTarget "DevelopTools" */ = {
			isa = XCConfigurationList;
			buildConfigurations = (
				2CFD50DE1B317F4F00232BAD /* Debug */,
				2CFD50DF1B317F4F00232BAD /* Release */,
			);
			defaultConfigurationIsVisible = 0;
			defaultConfigurationName = Release;
		};
		2CFD50E01B317F4F00232BAD /* Build configuration list for PBXNativeTarget "DevelopToolsTests" */ = {
			isa = XCConfigurationList;
			buildConfigurations = (
				2CFD50E11B317F4F00232BAD /* Debug */,
				2CFD50E21B317F4F00232BAD /* Release */,
			);
			defaultConfigurationIsVisible = 0;
			defaultConfigurationName = Release;
		};
/* End XCConfigurationList section */
	};
	rootObject = 2CFD50B21B317F4F00232BAD /* Project object */;
}
