// !$*UTF8*$!
{
	archiveVersion = 1;
	classes = {
	};
	objectVersion = 46;
	objects = {

/* Begin PBXBuildFile section */
		2CF0205F1CC8BF5E00E1E376 /* main.m in Sources */ = {isa = PBXBuildFile; fileRef = 2CF0205E1CC8BF5E00E1E376 /* main.m */; };
		2CF020621CC8BF5E00E1E376 /* AppDelegate.m in Sources */ = {isa = PBXBuildFile; fileRef = 2CF020611CC8BF5E00E1E376 /* AppDelegate.m */; };
		2CF0206A1CC8BF5E00E1E376 /* Assets.xcassets in Resources */ = {isa = PBXBuildFile; fileRef = 2CF020691CC8BF5E00E1E376 /* Assets.xcassets */; };
		2CF0206D1CC8BF5E00E1E376 /* LaunchScreen.storyboard in Resources */ = {isa = PBXBuildFile; fileRef = 2CF0206B1CC8BF5E00E1E376 /* LaunchScreen.storyboard */; };
/* End PBXBuildFile section */

/* Begin PBXFileReference section */
		2CF0205A1CC8BF5E00E1E376 /* DevelopTools.app */ = {isa = PBXFileReference; explicitFileType = wrapper.application; includeInIndex = 0; path = DevelopTools.app; sourceTree = BUILT_PRODUCTS_DIR; };
		2CF0205E1CC8BF5E00E1E376 /* main.m */ = {isa = PBXFileReference; lastKnownFileType = sourcecode.c.objc; path = main.m; sourceTree = "<group>"; };
		2CF020601CC8BF5E00E1E376 /* AppDelegate.h */ = {isa = PBXFileReference; lastKnownFileType = sourcecode.c.h; path = AppDelegate.h; sourceTree = "<group>"; };
		2CF020611CC8BF5E00E1E376 /* AppDelegate.m */ = {isa = PBXFileReference; lastKnownFileType = sourcecode.c.objc; path = AppDelegate.m; sourceTree = "<group>"; };
		2CF020691CC8BF5E00E1E376 /* Assets.xcassets */ = {isa = PBXFileReference; lastKnownFileType = folder.assetcatalog; path = Assets.xcassets; sourceTree = "<group>"; };
		2CF0206C1CC8BF5E00E1E376 /* Base */ = {isa = PBXFileReference; lastKnownFileType = file.storyboard; name = Base; path = Base.lproj/LaunchScreen.storyboard; sourceTree = "<group>"; };
		2CF0206E1CC8BF5E00E1E376 /* Info.plist */ = {isa = PBXFileReference; lastKnownFileType = text.plist.xml; path = Info.plist; sourceTree = "<group>"; };
/* End PBXFileReference section */

/* Begin PBXFrameworksBuildPhase section */
		2CF020571CC8BF5E00E1E376 /* Frameworks */ = {
			isa = PBXFrameworksBuildPhase;
			buildActionMask = 2147483647;
			files = (
			);
			runOnlyForDeploymentPostprocessing = 0;
		};
/* End PBXFrameworksBuildPhase section */

/* Begin PBXGroup section */
		2CF020511CC8BF5E00E1E376 = {
			isa = PBXGroup;
			children = (
				2CF0205C1CC8BF5E00E1E376 /* DevelopTools */,
				2CF0205B1CC8BF5E00E1E376 /* Products */,
			);
			sourceTree = "<group>";
		};
		2CF0205B1CC8BF5E00E1E376 /* Products */ = {
			isa = PBXGroup;
			children = (
				2CF0205A1CC8BF5E00E1E376 /* DevelopTools.app */,
			);
			name = Products;
			sourceTree = "<group>";
		};
		2CF0205C1CC8BF5E00E1E376 /* DevelopTools */ = {
			isa = PBXGroup;
			children = (
				2CF020601CC8BF5E00E1E376 /* AppDelegate.h */,
				2CF020611CC8BF5E00E1E376 /* AppDelegate.m */,
				2CF020691CC8BF5E00E1E376 /* Assets.xcassets */,
				2CF0206B1CC8BF5E00E1E376 /* LaunchScreen.storyboard */,
				2CF0206E1CC8BF5E00E1E376 /* Info.plist */,
				2CF0205D1CC8BF5E00E1E376 /* Supporting Files */,
			);
			path = DevelopTools;
			sourceTree = "<group>";
		};
		2CF0205D1CC8BF5E00E1E376 /* Supporting Files */ = {
			isa = PBXGroup;
			children = (
				2CF0205E1CC8BF5E00E1E376 /* main.m */,
			);
			name = "Supporting Files";
			sourceTree = "<group>";
		};
/* End PBXGroup section */

/* Begin PBXNativeTarget section */
		2CF020591CC8BF5E00E1E376 /* DevelopTools */ = {
			isa = PBXNativeTarget;
			buildConfigurationList = 2CF020711CC8BF5E00E1E376 /* Build configuration list for PBXNativeTarget "DevelopTools" */;
			buildPhases = (
				2CF020561CC8BF5E00E1E376 /* Sources */,
				2CF020571CC8BF5E00E1E376 /* Frameworks */,
				2CF020581CC8BF5E00E1E376 /* Resources */,
			);
			buildRules = (
			);
			dependencies = (
			);
			name = DevelopTools;
			productName = DevelopTools;
			productReference = 2CF0205A1CC8BF5E00E1E376 /* DevelopTools.app */;
			productType = "com.apple.product-type.application";
		};
/* End PBXNativeTarget section */

/* Begin PBXProject section */
		2CF020521CC8BF5E00E1E376 /* Project object */ = {
			isa = PBXProject;
			attributes = {
				LastUpgradeCheck = 0710;
				ORGANIZATIONNAME = Johnson;
				TargetAttributes = {
					2CF020591CC8BF5E00E1E376 = {
						CreatedOnToolsVersion = 7.1.1;
						DevelopmentTeam = 2Y2D5R7G89;
					};
				};
			};
			buildConfigurationList = 2CF020551CC8BF5E00E1E376 /* Build configuration list for PBXProject "DevelopTools" */;
			compatibilityVersion = "Xcode 3.2";
			developmentRegion = English;
			hasScannedForEncodings = 0;
			knownRegions = (
				en,
				Base,
			);
			mainGroup = 2CF020511CC8BF5E00E1E376;
			productRefGroup = 2CF0205B1CC8BF5E00E1E376 /* Products */;
			projectDirPath = "";
			projectRoot = "";
			targets = (
				2CF020591CC8BF5E00E1E376 /* DevelopTools */,
			);
		};
/* End PBXProject section */

/* Begin PBXResourcesBuildPhase section */
		2CF020581CC8BF5E00E1E376 /* Resources */ = {
			isa = PBXResourcesBuildPhase;
			buildActionMask = 2147483647;
			files = (
				2CF0206D1CC8BF5E00E1E376 /* LaunchScreen.storyboard in Resources */,
				2CF0206A1CC8BF5E00E1E376 /* Assets.xcassets in Resources */,
			);
			runOnlyForDeploymentPostprocessing = 0;
		};
/* End PBXResourcesBuildPhase section */

/* Begin PBXSourcesBuildPhase section */
		2CF020561CC8BF5E00E1E376 /* Sources */ = {
			isa = PBXSourcesBuildPhase;
			buildActionMask = 2147483647;
			files = (
				2CF020621CC8BF5E00E1E376 /* AppDelegate.m in Sources */,
				2CF0205F1CC8BF5E00E1E376 /* main.m in Sources */,
			);
			runOnlyForDeploymentPostprocessing = 0;
		};
/* End PBXSourcesBuildPhase section */

/* Begin PBXVariantGroup section */
		2CF0206B1CC8BF5E00E1E376 /* LaunchScreen.storyboard */ = {
			isa = PBXVariantGroup;
			children = (
				2CF0206C1CC8BF5E00E1E376 /* Base */,
			);
			name = LaunchScreen.storyboard;
			sourceTree = "<group>";
		};
/* End PBXVariantGroup section */

/* Begin XCBuildConfiguration section */
		2CF0206F1CC8BF5E00E1E376 /* Debug */ = {
			isa = XCBuildConfiguration;
			buildSettings = {
				ALWAYS_SEARCH_USER_PATHS = NO;
				CLANG_CXX_LANGUAGE_STANDARD = "gnu++0x";
				CLANG_CXX_LIBRARY = "libc++";
				CLANG_ENABLE_MODULES = YES;
				CLANG_ENABLE_OBJC_ARC = YES;
				CLANG_WARN_BOOL_CONVERSION = YES;
				CLANG_WARN_CONSTANT_CONVERSION = YES;
				CLANG_WARN_DIRECT_OBJC_ISA_USAGE = YES_ERROR;
				CLANG_WARN_EMPTY_BODY = YES;
				CLANG_WARN_ENUM_CONVERSION = YES;
				CLANG_WARN_INT_CONVERSION = YES;
				CLANG_WARN_OBJC_ROOT_CLASS = YES_ERROR;
				CLANG_WARN_UNREACHABLE_CODE = YES;
				CLANG_WARN__DUPLICATE_METHOD_MATCH = YES;
				"CODE_SIGN_IDENTITY[sdk=iphoneos*]" = "iPhone Developer";
				COPY_PHASE_STRIP = NO;
				DEBUG_INFORMATION_FORMAT = dwarf;
				ENABLE_STRICT_OBJC_MSGSEND = YES;
				ENABLE_TESTABILITY = YES;
				GCC_C_LANGUAGE_STANDARD = gnu99;
				GCC_DYNAMIC_NO_PIC = NO;
				GCC_NO_COMMON_BLOCKS = YES;
				GCC_OPTIMIZATION_LEVEL = 0;
				GCC_PREPROCESSOR_DEFINITIONS = (
					"DEBUG=1",
					"$(inherited)",
				);
				GCC_WARN_64_TO_32_BIT_CONVERSION = YES;
				GCC_WARN_ABOUT_RETURN_TYPE = YES_ERROR;
				GCC_WARN_UNDECLARED_SELECTOR = YES;
				GCC_WARN_UNINITIALIZED_AUTOS = YES_AGGRESSIVE;
				GCC_WARN_UNUSED_FUNCTION = YES;
				GCC_WARN_UNUSED_VARIABLE = YES;
				IPHONEOS_DEPLOYMENT_TARGET = 9.1;
				MTL_ENABLE_DEBUG_INFO = YES;
				ONLY_ACTIVE_ARCH = YES;
				SDKROOT = iphoneos;
				TARGETED_DEVICE_FAMILY = "1,2";
			};
			name = Debug;
		};
		2CF020701CC8BF5E00E1E376 /* Release */ = {
			isa = XCBuildConfiguration;
			buildSettings = {
				ALWAYS_SEARCH_USER_PATHS = NO;
				CLANG_CXX_LANGUAGE_STANDARD = "gnu++0x";
				CLANG_CXX_LIBRARY = "libc++";
				CLANG_ENABLE_MODULES = YES;
				CLANG_ENABLE_OBJC_ARC = YES;
				CLANG_WARN_BOOL_CONVERSION = YES;
				CLANG_WARN_CONSTANT_CONVERSION = YES;
				CLANG_WARN_DIRECT_OBJC_ISA_USAGE = YES_ERROR;
				CLANG_WARN_EMPTY_BODY = YES;
				CLANG_WARN_ENUM_CONVERSION = YES;
				CLANG_WARN_INT_CONVERSION = YES;
				CLANG_WARN_OBJC_ROOT_CLASS = YES_ERROR;
				CLANG_WARN_UNREACHABLE_CODE = YES;
				CLANG_WARN__DUPLICATE_METHOD_MATCH = YES;
				"CODE_SIGN_IDENTITY[sdk=iphoneos*]" = "iPhone Developer";
				COPY_PHASE_STRIP = NO;
				DEBUG_INFORMATION_FORMAT = "dwarf-with-dsym";
				ENABLE_NS_ASSERTIONS = NO;
				ENABLE_STRICT_OBJC_MSGSEND = YES;
				GCC_C_LANGUAGE_STANDARD = gnu99;
				GCC_NO_COMMON_BLOCKS = YES;
				GCC_WARN_64_TO_32_BIT_CONVERSION = YES;
				GCC_WARN_ABOUT_RETURN_TYPE = YES_ERROR;
				GCC_WARN_UNDECLARED_SELECTOR = YES;
				GCC_WARN_UNINITIALIZED_AUTOS = YES_AGGRESSIVE;
				GCC_WARN_UNUSED_FUNCTION = YES;
				GCC_WARN_UNUSED_VARIABLE = YES;
				IPHONEOS_DEPLOYMENT_TARGET = 9.1;
				MTL_ENABLE_DEBUG_INFO = NO;
				SDKROOT = iphoneos;
				TARGETED_DEVICE_FAMILY = "1,2";
				VALIDATE_PRODUCT = YES;
			};
			name = Release;
		};
		2CF020721CC8BF5E00E1E376 /* Debug */ = {
			isa = XCBuildConfiguration;
			buildSettings = {
				ASSETCATALOG_COMPILER_APPICON_NAME = AppIcon;
				GCC_PREFIX_HEADER = "$(SRCROOT)/$(PRODUCT_NAME)/Helpers/Header.pch";
				INFOPLIST_FILE = DevelopTools/Info.plist;
				IPHONEOS_DEPLOYMENT_TARGET = 7.0;
				LD_RUNPATH_SEARCH_PATHS = "$(inherited) @executable_path/Frameworks";
				PRODUCT_BUNDLE_IDENTIFIER = com.johnson.Tools.DevelopTools;
				PRODUCT_NAME = "$(TARGET_NAME)";
			};
			name = Debug;
		};
		2CF020731CC8BF5E00E1E376 /* Release */ = {
			isa = XCBuildConfiguration;
			buildSettings = {
				ASSETCATALOG_COMPILER_APPICON_NAME = AppIcon;
				GCC_PREFIX_HEADER = "$(SRCROOT)/$(PRODUCT_NAME)/Helpers/Header.pch";
				INFOPLIST_FILE = DevelopTools/Info.plist;
				IPHONEOS_DEPLOYMENT_TARGET = 7.0;
				LD_RUNPATH_SEARCH_PATHS = "$(inherited) @executable_path/Frameworks";
				PRODUCT_BUNDLE_IDENTIFIER = com.johnson.Tools.DevelopTools;
				PRODUCT_NAME = "$(TARGET_NAME)";
			};
			name = Release;
		};
/* End XCBuildConfiguration section */

/* Begin XCConfigurationList section */
		2CF020551CC8BF5E00E1E376 /* Build configuration list for PBXProject "DevelopTools" */ = {
			isa = XCConfigurationList;
			buildConfigurations = (
				2CF0206F1CC8BF5E00E1E376 /* Debug */,
				2CF020701CC8BF5E00E1E376 /* Release */,
			);
			defaultConfigurationIsVisible = 0;
			defaultConfigurationName = Release;
		};
		2CF020711CC8BF5E00E1E376 /* Build configuration list for PBXNativeTarget "DevelopTools" */ = {
			isa = XCConfigurationList;
			buildConfigurations = (
				2CF020721CC8BF5E00E1E376 /* Debug */,
				2CF020731CC8BF5E00E1E376 /* Release */,
			);
			defaultConfigurationIsVisible = 0;
			defaultConfigurationName = Release;
		};
/* End XCConfigurationList section */
	};
	rootObject = 2CF020521CC8BF5E00E1E376 /* Project object */;
}
